# This file is automatically @generated by Cargo.
# It is not intended for manual editing.
version = 4

[[package]]
name = "api-server"
version = "0.1.0"

[[package]]
name = "bim"
version = "0.1.0"

[[package]]
name = "collaboration"
version = "0.1.0"

[[package]]
name = "construction_vr_platform"
version = "0.1.0"

[[package]]
name = "core"
version = "0.1.0"

[[package]]
name = "desktop-client"
version = "0.1.0"

[[package]]
name = "engine"
version = "0.1.0"

[[package]]
name = "vr-client"
version = "0.1.0"
